
Microsoft Visual Studio Solution File, Format Version 12.00
# Visual Studio Version 17
VisualStudioVersion = 17.14.36717.8
MinimumVisualStudioVersion = 10.0.40219.1
Project("{FAE04EC0-301F-11D3-BF4B-00C04F79EFBC}") = "uc10-Locatem", "uc10-Locatem\uc10-Locatem.csproj", "{F81AE117-C98A-431B-BBB3-64E75B88C34E}"
EndProject
Project("{FAE04EC0-301F-11D3-BF4B-00C04F79EFBC}") = "Locatem.Tests", "Locatem.Tests\Locatem.Tests.csproj", "{6C4FB979-AD37-4E4E-82B8-0F7415827E26}"
EndProject
Global
	GlobalSection(SolutionConfigurationPlatforms) = preSolution
		Debug|Any CPU = Debug|Any CPU
		Release|Any CPU = Release|Any CPU
	EndGlobalSection
	GlobalSection(ProjectConfigurationPlatforms) = postSolution
		{F81AE117-C98A-431B-BBB3-64E75B88C34E}.Debug|Any CPU.ActiveCfg = Debug|Any CPU
		{F81AE117-C98A-431B-BBB3-64E75B88C34E}.Debug|Any CPU.Build.0 = Debug|Any CPU
		{F81AE117-C98A-431B-BBB3-64E75B88C34E}.Release|Any CPU.ActiveCfg = Release|Any CPU
		{F81AE117-C98A-431B-BBB3-64E75B88C34E}.Release|Any CPU.Build.0 = Release|Any CPU
		{6C4FB979-AD37-4E4E-82B8-0F7415827E26}.Debug|Any CPU.ActiveCfg = Debug|Any CPU
		{6C4FB979-AD37-4E4E-82B8-0F7415827E26}.Debug|Any CPU.Build.0 = Debug|Any CPU
		{6C4FB979-AD37-4E4E-82B8-0F7415827E26}.Release|Any CPU.ActiveCfg = Release|Any CPU
		{6C4FB979-AD37-4E4E-82B8-0F7415827E26}.Release|Any CPU.Build.0 = Release|Any CPU
	EndGlobalSection
	GlobalSection(SolutionProperties) = preSolution
		HideSolutionNode = FALSE
	EndGlobalSection
	GlobalSection(ExtensibilityGlobals) = postSolution
		SolutionGuid = {B5F29A84-1FF4-4235-BCDC-239392AAB133}
	EndGlobalSection
EndGlobal
